Microsoft Visual Studio Solution File, Format Version 11.00
# Visual Studio 2008

Project("{88EB6061-4BB6-7782-BD8C-18AFB4438329}") = "sunset", "Assembly-CSharp-firstpass.csproj", "{3A209D34-B0B2-2BBD-6AF8-2B2E37A4226D}"
EndProject
Project("{88EB6061-4BB6-7782-BD8C-18AFB4438329}") = "sunset", "Assembly-CSharp.csproj", "{936BAF31-B624-E46E-4ADE-B9E1CFB55881}"
EndProject
Project("{88EB6061-4BB6-7782-BD8C-18AFB4438329}") = "sunset", "Assembly-CSharp-Editor-firstpass.csproj", "{FC5ADF8C-2F0D-8F46-9F23-3D4866698B94}"
EndProject
Project("{88EB6061-4BB6-7782-BD8C-18AFB4438329}") = "sunset", "Assembly-CSharp-Editor.csproj", "{9CBD511C-BE0A-C8FE-9522-1CF269947EDA}"
EndProject
Project("{88EB6061-4BB6-7782-BD8C-18AFB4438329}") = "sunset", "Assembly-UnityScript-firstpass.unityproj", "{8E061BDD-B3D3-BC67-E3C6-8E621E834600}"
EndProject
Project("{88EB6061-4BB6-7782-BD8C-18AFB4438329}") = "sunset", "Assembly-UnityScript.unityproj", "{9A796A06-0BF4-C51E-A64E-2D5676F3FFC1}"
EndProject
Project("{88EB6061-4BB6-7782-BD8C-18AFB4438329}") = "sunset", "Assembly-UnityScript-Editor.unityproj", "{75B7A9EE-C968-189B-12B3-1EF1241D9F9E}"
EndProject
Global
	GlobalSection(SolutionConfigurationPlatforms) = preSolution
		Debug|Any CPU = Debug|Any CPU
		Release|Any CPU = Release|Any CPU
	EndGlobalSection
	GlobalSection(ProjectConfigurationPlatforms) = postSolution
		{3A209D34-B0B2-2BBD-6AF8-2B2E37A4226D}.Debug|Any CPU.ActiveCfg = Debug|Any CPU
		{3A209D34-B0B2-2BBD-6AF8-2B2E37A4226D}.Debug|Any CPU.Build.0 = Debug|Any CPU
		{3A209D34-B0B2-2BBD-6AF8-2B2E37A4226D}.Release|Any CPU.ActiveCfg = Release|Any CPU
		{3A209D34-B0B2-2BBD-6AF8-2B2E37A4226D}.Release|Any CPU.Build.0 = Release|Any CPU
		{936BAF31-B624-E46E-4ADE-B9E1CFB55881}.Debug|Any CPU.ActiveCfg = Debug|Any CPU
		{936BAF31-B624-E46E-4ADE-B9E1CFB55881}.Debug|Any CPU.Build.0 = Debug|Any CPU
		{936BAF31-B624-E46E-4ADE-B9E1CFB55881}.Release|Any CPU.ActiveCfg = Release|Any CPU
		{936BAF31-B624-E46E-4ADE-B9E1CFB55881}.Release|Any CPU.Build.0 = Release|Any CPU
		{FC5ADF8C-2F0D-8F46-9F23-3D4866698B94}.Debug|Any CPU.ActiveCfg = Debug|Any CPU
		{FC5ADF8C-2F0D-8F46-9F23-3D4866698B94}.Debug|Any CPU.Build.0 = Debug|Any CPU
		{FC5ADF8C-2F0D-8F46-9F23-3D4866698B94}.Release|Any CPU.ActiveCfg = Release|Any CPU
		{FC5ADF8C-2F0D-8F46-9F23-3D4866698B94}.Release|Any CPU.Build.0 = Release|Any CPU
		{9CBD511C-BE0A-C8FE-9522-1CF269947EDA}.Debug|Any CPU.ActiveCfg = Debug|Any CPU
		{9CBD511C-BE0A-C8FE-9522-1CF269947EDA}.Debug|Any CPU.Build.0 = Debug|Any CPU
		{9CBD511C-BE0A-C8FE-9522-1CF269947EDA}.Release|Any CPU.ActiveCfg = Release|Any CPU
		{9CBD511C-BE0A-C8FE-9522-1CF269947EDA}.Release|Any CPU.Build.0 = Release|Any CPU
		{8E061BDD-B3D3-BC67-E3C6-8E621E834600}.Debug|Any CPU.ActiveCfg = Debug|Any CPU
		{8E061BDD-B3D3-BC67-E3C6-8E621E834600}.Debug|Any CPU.Build.0 = Debug|Any CPU
		{8E061BDD-B3D3-BC67-E3C6-8E621E834600}.Release|Any CPU.ActiveCfg = Release|Any CPU
		{8E061BDD-B3D3-BC67-E3C6-8E621E834600}.Release|Any CPU.Build.0 = Release|Any CPU
		{9A796A06-0BF4-C51E-A64E-2D5676F3FFC1}.Debug|Any CPU.ActiveCfg = Debug|Any CPU
		{9A796A06-0BF4-C51E-A64E-2D5676F3FFC1}.Debug|Any CPU.Build.0 = Debug|Any CPU
		{9A796A06-0BF4-C51E-A64E-2D5676F3FFC1}.Release|Any CPU.ActiveCfg = Release|Any CPU
		{9A796A06-0BF4-C51E-A64E-2D5676F3FFC1}.Release|Any CPU.Build.0 = Release|Any CPU
		{75B7A9EE-C968-189B-12B3-1EF1241D9F9E}.Debug|Any CPU.ActiveCfg = Debug|Any CPU
		{75B7A9EE-C968-189B-12B3-1EF1241D9F9E}.Debug|Any CPU.Build.0 = Debug|Any CPU
		{75B7A9EE-C968-189B-12B3-1EF1241D9F9E}.Release|Any CPU.ActiveCfg = Release|Any CPU
		{75B7A9EE-C968-189B-12B3-1EF1241D9F9E}.Release|Any CPU.Build.0 = Release|Any CPU
	EndGlobalSection
	GlobalSection(SolutionProperties) = preSolution
		HideSolutionNode = FALSE
	EndGlobalSection
	GlobalSection(MonoDevelopProperties) = preSolution
		StartupItem = Assembly-CSharp.csproj
	EndGlobalSection
EndGlobal
